
Microsoft Visual Studio Solution File, Format Version 9.00
# Visual Studio 2005
Project("{8BC9CEB8-8B4A-11D0-8D11-00A0C91BC942}") = "omniifr", "omniifr.vcproj", "{ED94E89F-FF3F-43B3-99CC-31DD745CC36E}"
EndProject
Global
	GlobalSection(SolutionConfigurationPlatforms) = preSolution
		Release|Win32 = Release|Win32
	EndGlobalSection
	GlobalSection(ProjectConfigurationPlatforms) = postSolution
		{ED94E89F-FF3F-43B3-99CC-31DD745CC36E}.Release|Win32.ActiveCfg = Release|Win32
		{ED94E89F-FF3F-43B3-99CC-31DD745CC36E}.Release|Win32.Build.0 = Release|Win32
	EndGlobalSection
	GlobalSection(SolutionProperties) = preSolution
		HideSolutionNode = FALSE
	EndGlobalSection
EndGlobal
